{
  "name": "my-benchmark-suite",
  "version": "1.0.0",
  "lockfileVersion": 1,
  "requires": true,
  "dependencies": {
    "array-sort": {
      "version": "0.1.4",
      "resolved": "https://registry.npmjs.org/array-sort/-/array-sort-0.1.4.tgz",
      "integrity": "sha512-BNcM+RXxndPxiZ2rd76k6nyQLRZr2/B/sdi8pQ+Joafr5AH279L40dfokSUTp8O+AaqYjXWhblBWa2st2nc4fQ==",
      "requires": {
        "default-compare": "1.0.0",
        "get-value": "2.0.6",
        "kind-of": "5.1.0"
      }
    },
    "benchmark": {
      "version": "2.1.4",
      "resolved": "https://registry.npmjs.org/benchmark/-/benchmark-2.1.4.tgz",
      "integrity": "sha1-CfPeMckWQl1JjMLuVloOvzwqVik=",
      "requires": {
        "lodash": "4.17.4",
        "platform": "1.3.4"
      }
    },
    "collections": {
      "version": "5.0.7",
      "resolved": "https://registry.npmjs.org/collections/-/collections-5.0.7.tgz",
      "integrity": "sha1-NH54v+mdPlo4ZLbf3HvOTkAcvlQ=",
      "requires": {
        "weak-map": "1.0.5"
      }
    },
    "default-compare": {
      "version": "1.0.0",
      "resolved": "https://registry.npmjs.org/default-compare/-/default-compare-1.0.0.tgz",
      "integrity": "sha512-QWfXlM0EkAbqOCbD/6HjdwT19j7WCkMyiRhWilc4H9/5h/RzTF9gv5LYh1+CmDV5d1rki6KAWLtQale0xt20eQ==",
      "requires": {
        "kind-of": "5.1.0"
      }
    },
    "get-value": {
      "version": "2.0.6",
      "resolved": "https://registry.npmjs.org/get-value/-/get-value-2.0.6.tgz",
      "integrity": "sha1-3BXKHGcjh8p2vTesCjlbogQqLCg="
    },
    "js-list-container": {
      "version": "0.91.22",
      "resolved": "https://registry.npmjs.org/js-list-container/-/js-list-container-0.91.22.tgz",
      "integrity": "sha1-QWUTvqm8wMfUgKcnA3qv6kriwqA=",
      "requires": {
        "lodash": "4.17.4"
      }
    },
    "kind-of": {
      "version": "5.1.0",
      "resolved": "https://registry.npmjs.org/kind-of/-/kind-of-5.1.0.tgz",
      "integrity": "sha512-NGEErnH6F2vUuXDh+OlbcKW7/wOcfdRHaZ7VWtqCztfHri/++YKmP51OdWeGPuqCOba6kk2OTe5d02VmTB80Pw=="
    },
    "lodash": {
      "version": "4.17.4",
      "resolved": "https://registry.npmjs.org/lodash/-/lodash-4.17.4.tgz",
      "integrity": "sha1-eCA6TRwyiuHYbcpkYONptX9AVa4="
    },
    "ordered-array": {
      "version": "0.1.0",
      "resolved": "https://registry.npmjs.org/ordered-array/-/ordered-array-0.1.0.tgz",
      "integrity": "sha512-GHa83ENVt8do5sBWe7XlCxp6DSc21rjYzPkT/oKOeUUzYyB3t/3w2LFCRFyjXPmSXJ2OVwfYWFkkJVHqU1srsw=="
    },
    "platform": {
      "version": "1.3.4",
      "resolved": "https://registry.npmjs.org/platform/-/platform-1.3.4.tgz",
      "integrity": "sha1-bw+xftqqSPIUQrOpdcBjEw8cPr0="
    },
    "sorted-array": {
      "version": "2.0.1",
      "resolved": "https://registry.npmjs.org/sorted-array/-/sorted-array-2.0.1.tgz",
      "integrity": "sha1-qT1acflPDRFaG7VbJtN1grQ4vcw="
    },
    "sorted-object-array": {
      "version": "1.0.0",
      "resolved": "https://registry.npmjs.org/sorted-object-array/-/sorted-object-array-1.0.0.tgz",
      "integrity": "sha1-tQwLt2bRw9BVvC9k8ZqXVXq1yrU="
    },
    "uuid": {
      "version": "3.1.0",
      "resolved": "https://registry.npmjs.org/uuid/-/uuid-3.1.0.tgz",
      "integrity": "sha512-DIWtzUkw04M4k3bf1IcpS2tngXEL26YUD2M0tMDUpnUrz2hgzUBlD55a4FjdLGPvfHxS6uluGWvaVEqgBcVa+g=="
    },
    "weak-map": {
      "version": "1.0.5",
      "resolved": "https://registry.npmjs.org/weak-map/-/weak-map-1.0.5.tgz",
      "integrity": "sha1-eWkVhNmGB/UHC9O3CkDmuyLkAes="
    }
  }
}
